{
  "name": "validation",
  "version": "1.0.0",
  "lockfileVersion": 1,
  "requires": true,
  "dependencies": {
    "@babel/runtime": {
      "version": "7.0.0-beta.54",
      "resolved": "https://registry.npmjs.org/@babel/runtime/-/runtime-7.0.0-beta.54.tgz",
      "integrity": "sha1-Oeu0JyP+fKSz4bAOln6AE41Hyt8=",
      "requires": {
        "core-js": "^2.5.7",
        "regenerator-runtime": "^0.12.0"
      }
    },
    "core-js": {
      "version": "2.5.7",
      "resolved": "https://registry.npmjs.org/core-js/-/core-js-2.5.7.tgz",
      "integrity": "sha512-RszJCAxg/PP6uzXVXL6BsxSXx/B05oJAQ2vkJRjyjrEcNVycaqOmNb5OTxZPE3xa5gwZduqza6L9JOCenh/Ecw=="
    },
    "fn-name": {
      "version": "2.0.1",
      "resolved": "https://registry.npmjs.org/fn-name/-/fn-name-2.0.1.tgz",
      "integrity": "sha1-UhTXU3pNBqSjAcDMJi/rhBiAAuc="
    },
    "i18next": {
      "version": "11.4.0",
      "resolved": "https://registry.npmjs.org/i18next/-/i18next-11.4.0.tgz",
      "integrity": "sha512-QGDemlpt0rtCyAyCIddzRgEcP6/2iaXLmzXzWU2Nd3gBBioonxk+bLQ2ZIpZYkpQXX8S2e7lFXRafF9eh8JS6Q=="
    },
    "lodash": {
      "version": "4.17.10",
      "resolved": "https://registry.npmjs.org/lodash/-/lodash-4.17.10.tgz",
      "integrity": "sha512-UejweD1pDoXu+AD825lWwp4ZGtSwgnpZxb3JDViD7StjQz+Nb/6l093lx4OQ0foGWNRoc19mWy7BzL+UAK2iVg=="
    },
    "property-expr": {
      "version": "1.5.0",
      "resolved": "https://registry.npmjs.org/property-expr/-/property-expr-1.5.0.tgz",
      "integrity": "sha512-WYMqFqWjkQE27kRzp8Fyvx3OkdNYDxVc7pQCFLlOVgZoHo/FyF+hWseIHXFef2FfxSaI+m1x7OpCM6xCvrwHrg=="
    },
    "regenerator-runtime": {
      "version": "0.12.0",
      "resolved": "https://registry.npmjs.org/regenerator-runtime/-/regenerator-runtime-0.12.0.tgz",
      "integrity": "sha512-SpV2LhF5Dm9UYMEprB3WwsBnWwqTrmjrm2UZb42cl2G02WVGgx7Mg8aa9pdLEKp6hZ+/abcMc2NxKA8f02EG2w=="
    },
    "synchronous-promise": {
      "version": "1.0.18",
      "resolved": "https://registry.npmjs.org/synchronous-promise/-/synchronous-promise-1.0.18.tgz",
      "integrity": "sha512-UqMAK6BBBXu8qaDI5omlyV9iDpM9nQfgthaBOK0nlfXnMgiuOBv+meWG73CGeCCFRhOOOa2e4rvqYzfynzy5zg=="
    },
    "toposort": {
      "version": "2.0.2",
      "resolved": "https://registry.npmjs.org/toposort/-/toposort-2.0.2.tgz",
      "integrity": "sha1-riF2gXXRVZ1IvvNUILL0li8JwzA="
    },
    "yup": {
      "version": "0.26.0",
      "resolved": "https://registry.npmjs.org/yup/-/yup-0.26.0.tgz",
      "integrity": "sha512-Pc7MAAGQrFYWMAEf7bkMumn6NnN9nNUOJ1iLhXB+mzhu0r5ewAbrb/K8NVCXXFHido7rH4O0GgGQ7TMBwKx7pw==",
      "requires": {
        "@babel/runtime": "^7.0.0-beta.47",
        "fn-name": "~2.0.1",
        "lodash": "^4.17.10",
        "property-expr": "^1.5.0",
        "synchronous-promise": "^1.0.18",
        "toposort": "^2.0.2"
      }
    }
  }
}
